// !$*UTF8*$!
{
	archiveVersion = 1;
	classes = {
	};
	objectVersion = 52;
	objects = {

/* Begin PBXBuildFile section */
		553CEBF92743BC6400B03FDE /* AppDelegate.swift in Sources */ = {isa = PBXBuildFile; fileRef = 553CEBF82743BC6400B03FDE /* AppDelegate.swift */; };
		553CEBFB2743BC6400B03FDE /* SceneDelegate.swift in Sources */ = {isa = PBXBuildFile; fileRef = 553CEBFA2743BC6400B03FDE /* SceneDelegate.swift */; };
		553CEBFD2743BC6400B03FDE /* NewsViewController.swift in Sources */ = {isa = PBXBuildFile; fileRef = 553CEBFC2743BC6400B03FDE /* NewsViewController.swift */; };
		553CEC022743BC6600B03FDE /* Assets.xcassets in Resources */ = {isa = PBXBuildFile; fileRef = 553CEC012743BC6600B03FDE /* Assets.xcassets */; };
		553CEC052743BC6600B03FDE /* LaunchScreen.storyboard in Resources */ = {isa = PBXBuildFile; fileRef = 553CEC032743BC6600B03FDE /* LaunchScreen.storyboard */; };
		553CEC112743BF5500B03FDE /* DetailsViewController.swift in Sources */ = {isa = PBXBuildFile; fileRef = 553CEC102743BF5500B03FDE /* DetailsViewController.swift */; };
		553CEC142743BF8C00B03FDE /* GalleryViewController.swift in Sources */ = {isa = PBXBuildFile; fileRef = 553CEC132743BF8C00B03FDE /* GalleryViewController.swift */; };
		553CEC1A2743C26D00B03FDE /* UIView + Ext.swift in Sources */ = {isa = PBXBuildFile; fileRef = 553CEC192743C26D00B03FDE /* UIView + Ext.swift */; };
		553CEC1D2743C32E00B03FDE /* CellTableViewCell.swift in Sources */ = {isa = PBXBuildFile; fileRef = 553CEC1C2743C32E00B03FDE /* CellTableViewCell.swift */; };
		553CEC262743E05A00B03FDE /* Service.swift in Sources */ = {isa = PBXBuildFile; fileRef = 553CEC252743E05A00B03FDE /* Service.swift */; };
		553CEC2B2743E39C00B03FDE /* News.swift in Sources */ = {isa = PBXBuildFile; fileRef = 553CEC2A2743E39C00B03FDE /* News.swift */; };
		553CEC392746CDA200B03FDE /* Kingfisher in Frameworks */ = {isa = PBXBuildFile; productRef = 553CEC382746CDA200B03FDE /* Kingfisher */; };
/* End PBXBuildFile section */

/* Begin PBXFileReference section */
		553CEBF52743BC6400B03FDE /* test_MaximumEducation.app */ = {isa = PBXFileReference; explicitFileType = wrapper.application; includeInIndex = 0; path = test_MaximumEducation.app; sourceTree = BUILT_PRODUCTS_DIR; };
		553CEBF82743BC6400B03FDE /* AppDelegate.swift */ = {isa = PBXFileReference; lastKnownFileType = sourcecode.swift; path = AppDelegate.swift; sourceTree = "<group>"; };
		553CEBFA2743BC6400B03FDE /* SceneDelegate.swift */ = {isa = PBXFileReference; lastKnownFileType = sourcecode.swift; path = SceneDelegate.swift; sourceTree = "<group>"; };
		553CEBFC2743BC6400B03FDE /* NewsViewController.swift */ = {isa = PBXFileReference; lastKnownFileType = sourcecode.swift; path = NewsViewController.swift; sourceTree = "<group>"; };
		553CEC012743BC6600B03FDE /* Assets.xcassets */ = {isa = PBXFileReference; lastKnownFileType = folder.assetcatalog; path = Assets.xcassets; sourceTree = "<group>"; };
		553CEC042743BC6600B03FDE /* Base */ = {isa = PBXFileReference; lastKnownFileType = file.storyboard; name = Base; path = Base.lproj/LaunchScreen.storyboard; sourceTree = "<group>"; };
		553CEC062743BC6600B03FDE /* Info.plist */ = {isa = PBXFileReference; lastKnownFileType = text.plist.xml; path = Info.plist; sourceTree = "<group>"; };
		553CEC102743BF5500B03FDE /* DetailsViewController.swift */ = {isa = PBXFileReference; lastKnownFileType = sourcecode.swift; path = DetailsViewController.swift; sourceTree = "<group>"; };
		553CEC132743BF8C00B03FDE /* GalleryViewController.swift */ = {isa = PBXFileReference; lastKnownFileType = sourcecode.swift; path = GalleryViewController.swift; sourceTree = "<group>"; };
		553CEC192743C26D00B03FDE /* UIView + Ext.swift */ = {isa = PBXFileReference; lastKnownFileType = sourcecode.swift; path = "UIView + Ext.swift"; sourceTree = "<group>"; };
		553CEC1C2743C32E00B03FDE /* CellTableViewCell.swift */ = {isa = PBXFileReference; lastKnownFileType = sourcecode.swift; path = CellTableViewCell.swift; sourceTree = "<group>"; };
		553CEC252743E05A00B03FDE /* Service.swift */ = {isa = PBXFileReference; lastKnownFileType = sourcecode.swift; path = Service.swift; sourceTree = "<group>"; };
		553CEC2A2743E39C00B03FDE /* News.swift */ = {isa = PBXFileReference; lastKnownFileType = sourcecode.swift; path = News.swift; sourceTree = "<group>"; };
/* End PBXFileReference section */

/* Begin PBXFrameworksBuildPhase section */
		553CEBF22743BC6400B03FDE /* Frameworks */ = {
			isa = PBXFrameworksBuildPhase;
			buildActionMask = 2147483647;
			files = (
				553CEC392746CDA200B03FDE /* Kingfisher in Frameworks */,
			);
			runOnlyForDeploymentPostprocessing = 0;
		};
/* End PBXFrameworksBuildPhase section */

/* Begin PBXGroup section */
		553CEBEC2743BC6400B03FDE = {
			isa = PBXGroup;
			children = (
				553CEBF72743BC6400B03FDE /* test_MaximumEducation */,
				553CEBF62743BC6400B03FDE /* Products */,
			);
			sourceTree = "<group>";
		};
		553CEBF62743BC6400B03FDE /* Products */ = {
			isa = PBXGroup;
			children = (
				553CEBF52743BC6400B03FDE /* test_MaximumEducation.app */,
			);
			name = Products;
			sourceTree = "<group>";
		};
		553CEBF72743BC6400B03FDE /* test_MaximumEducation */ = {
			isa = PBXGroup;
			children = (
				553CEC222743DEF400B03FDE /* Model */,
				553CEC172743BFA300B03FDE /* Controllers */,
				553CEBF82743BC6400B03FDE /* AppDelegate.swift */,
				553CEBFA2743BC6400B03FDE /* SceneDelegate.swift */,
				553CEC012743BC6600B03FDE /* Assets.xcassets */,
				553CEC032743BC6600B03FDE /* LaunchScreen.storyboard */,
				553CEC062743BC6600B03FDE /* Info.plist */,
				553CEC192743C26D00B03FDE /* UIView + Ext.swift */,
				553CEC252743E05A00B03FDE /* Service.swift */,
			);
			path = test_MaximumEducation;
			sourceTree = "<group>";
		};
		553CEC172743BFA300B03FDE /* Controllers */ = {
			isa = PBXGroup;
			children = (
				553CEBFC2743BC6400B03FDE /* NewsViewController.swift */,
				553CEC102743BF5500B03FDE /* DetailsViewController.swift */,
				553CEC132743BF8C00B03FDE /* GalleryViewController.swift */,
				553CEC1C2743C32E00B03FDE /* CellTableViewCell.swift */,
			);
			path = Controllers;
			sourceTree = "<group>";
		};
		553CEC222743DEF400B03FDE /* Model */ = {
			isa = PBXGroup;
			children = (
				553CEC2A2743E39C00B03FDE /* News.swift */,
			);
			path = Model;
			sourceTree = "<group>";
		};
/* End PBXGroup section */

/* Begin PBXNativeTarget section */
		553CEBF42743BC6400B03FDE /* test_MaximumEducation */ = {
			isa = PBXNativeTarget;
			buildConfigurationList = 553CEC092743BC6600B03FDE /* Build configuration list for PBXNativeTarget "test_MaximumEducation" */;
			buildPhases = (
				553CEBF12743BC6400B03FDE /* Sources */,
				553CEBF22743BC6400B03FDE /* Frameworks */,
				553CEBF32743BC6400B03FDE /* Resources */,
			);
			buildRules = (
			);
			dependencies = (
			);
			name = test_MaximumEducation;
			packageProductDependencies = (
				553CEC382746CDA200B03FDE /* Kingfisher */,
			);
			productName = test_MaximumEducation;
			productReference = 553CEBF52743BC6400B03FDE /* test_MaximumEducation.app */;
			productType = "com.apple.product-type.application";
		};
/* End PBXNativeTarget section */

/* Begin PBXProject section */
		553CEBED2743BC6400B03FDE /* Project object */ = {
			isa = PBXProject;
			attributes = {
				LastSwiftUpdateCheck = 1240;
				LastUpgradeCheck = 1240;
				TargetAttributes = {
					553CEBF42743BC6400B03FDE = {
						CreatedOnToolsVersion = 12.4;
					};
				};
			};
			buildConfigurationList = 553CEBF02743BC6400B03FDE /* Build configuration list for PBXProject "test_MaximumEducation" */;
			compatibilityVersion = "Xcode 9.3";
			developmentRegion = en;
			hasScannedForEncodings = 0;
			knownRegions = (
				en,
				Base,
			);
			mainGroup = 553CEBEC2743BC6400B03FDE;
			packageReferences = (
				553CEC372746CDA200B03FDE /* XCRemoteSwiftPackageReference "Kingfisher" */,
			);
			productRefGroup = 553CEBF62743BC6400B03FDE /* Products */;
			projectDirPath = "";
			projectRoot = "";
			targets = (
				553CEBF42743BC6400B03FDE /* test_MaximumEducation */,
			);
		};
/* End PBXProject section */

/* Begin PBXResourcesBuildPhase section */
		553CEBF32743BC6400B03FDE /* Resources */ = {
			isa = PBXResourcesBuildPhase;
			buildActionMask = 2147483647;
			files = (
				553CEC052743BC6600B03FDE /* LaunchScreen.storyboard in Resources */,
				553CEC022743BC6600B03FDE /* Assets.xcassets in Resources */,
			);
			runOnlyForDeploymentPostprocessing = 0;
		};
/* End PBXResourcesBuildPhase section */

/* Begin PBXSourcesBuildPhase section */
		553CEBF12743BC6400B03FDE /* Sources */ = {
			isa = PBXSourcesBuildPhase;
			buildActionMask = 2147483647;
			files = (
				553CEBFD2743BC6400B03FDE /* NewsViewController.swift in Sources */,
				553CEBF92743BC6400B03FDE /* AppDelegate.swift in Sources */,
				553CEC1A2743C26D00B03FDE /* UIView + Ext.swift in Sources */,
				553CEC2B2743E39C00B03FDE /* News.swift in Sources */,
				553CEC142743BF8C00B03FDE /* GalleryViewController.swift in Sources */,
				553CEBFB2743BC6400B03FDE /* SceneDelegate.swift in Sources */,
				553CEC262743E05A00B03FDE /* Service.swift in Sources */,
				553CEC112743BF5500B03FDE /* DetailsViewController.swift in Sources */,
				553CEC1D2743C32E00B03FDE /* CellTableViewCell.swift in Sources */,
			);
			runOnlyForDeploymentPostprocessing = 0;
		};
/* End PBXSourcesBuildPhase section */

/* Begin PBXVariantGroup section */
		553CEC032743BC6600B03FDE /* LaunchScreen.storyboard */ = {
			isa = PBXVariantGroup;
			children = (
				553CEC042743BC6600B03FDE /* Base */,
			);
			name = LaunchScreen.storyboard;
			sourceTree = "<group>";
		};
/* End PBXVariantGroup section */

/* Begin XCBuildConfiguration section */
		553CEC072743BC6600B03FDE /* Debug */ = {
			isa = XCBuildConfiguration;
			buildSettings = {
				ALWAYS_SEARCH_USER_PATHS = NO;
				CLANG_ANALYZER_NONNULL = YES;
				CLANG_ANALYZER_NUMBER_OBJECT_CONVERSION = YES_AGGRESSIVE;
				CLANG_CXX_LANGUAGE_STANDARD = "gnu++14";
				CLANG_CXX_LIBRARY = "libc++";
				CLANG_ENABLE_MODULES = YES;
				CLANG_ENABLE_OBJC_ARC = YES;
				CLANG_ENABLE_OBJC_WEAK = YES;
				CLANG_WARN_BLOCK_CAPTURE_AUTORELEASING = YES;
				CLANG_WARN_BOOL_CONVERSION = YES;
				CLANG_WARN_COMMA = YES;
				CLANG_WARN_CONSTANT_CONVERSION = YES;
				CLANG_WARN_DEPRECATED_OBJC_IMPLEMENTATIONS = YES;
				CLANG_WARN_DIRECT_OBJC_ISA_USAGE = YES_ERROR;
				CLANG_WARN_DOCUMENTATION_COMMENTS = YES;
				CLANG_WARN_EMPTY_BODY = YES;
				CLANG_WARN_ENUM_CONVERSION = YES;
				CLANG_WARN_INFINITE_RECURSION = YES;
				CLANG_WARN_INT_CONVERSION = YES;
				CLANG_WARN_NON_LITERAL_NULL_CONVERSION = YES;
				CLANG_WARN_OBJC_IMPLICIT_RETAIN_SELF = YES;
				CLANG_WARN_OBJC_LITERAL_CONVERSION = YES;
				CLANG_WARN_OBJC_ROOT_CLASS = YES_ERROR;
				CLANG_WARN_QUOTED_INCLUDE_IN_FRAMEWORK_HEADER = YES;
				CLANG_WARN_RANGE_LOOP_ANALYSIS = YES;
				CLANG_WARN_STRICT_PROTOTYPES = YES;
				CLANG_WARN_SUSPICIOUS_MOVE = YES;
				CLANG_WARN_UNGUARDED_AVAILABILITY = YES_AGGRESSIVE;
				CLANG_WARN_UNREACHABLE_CODE = YES;
				CLANG_WARN__DUPLICATE_METHOD_MATCH = YES;
				COPY_PHASE_STRIP = NO;
				DEBUG_INFORMATION_FORMAT = dwarf;
				ENABLE_STRICT_OBJC_MSGSEND = YES;
				ENABLE_TESTABILITY = YES;
				GCC_C_LANGUAGE_STANDARD = gnu11;
				GCC_DYNAMIC_NO_PIC = NO;
				GCC_NO_COMMON_BLOCKS = YES;
				GCC_OPTIMIZATION_LEVEL = 0;
				GCC_PREPROCESSOR_DEFINITIONS = (
					"DEBUG=1",
					"$(inherited)",
				);
				GCC_WARN_64_TO_32_BIT_CONVERSION = YES;
				GCC_WARN_ABOUT_RETURN_TYPE = YES_ERROR;
				GCC_WARN_UNDECLARED_SELECTOR = YES;
				GCC_WARN_UNINITIALIZED_AUTOS = YES_AGGRESSIVE;
				GCC_WARN_UNUSED_FUNCTION = YES;
				GCC_WARN_UNUSED_VARIABLE = YES;
				IPHONEOS_DEPLOYMENT_TARGET = 14.4;
				MTL_ENABLE_DEBUG_INFO = INCLUDE_SOURCE;
				MTL_FAST_MATH = YES;
				ONLY_ACTIVE_ARCH = YES;
				SDKROOT = iphoneos;
				SWIFT_ACTIVE_COMPILATION_CONDITIONS = DEBUG;
				SWIFT_OPTIMIZATION_LEVEL = "-Onone";
			};
			name = Debug;
		};
		553CEC082743BC6600B03FDE /* Release */ = {
			isa = XCBuildConfiguration;
			buildSettings = {
				ALWAYS_SEARCH_USER_PATHS = NO;
				CLANG_ANALYZER_NONNULL = YES;
				CLANG_ANALYZER_NUMBER_OBJECT_CONVERSION = YES_AGGRESSIVE;
				CLANG_CXX_LANGUAGE_STANDARD = "gnu++14";
				CLANG_CXX_LIBRARY = "libc++";
				CLANG_ENABLE_MODULES = YES;
				CLANG_ENABLE_OBJC_ARC = YES;
				CLANG_ENABLE_OBJC_WEAK = YES;
				CLANG_WARN_BLOCK_CAPTURE_AUTORELEASING = YES;
				CLANG_WARN_BOOL_CONVERSION = YES;
				CLANG_WARN_COMMA = YES;
				CLANG_WARN_CONSTANT_CONVERSION = YES;
				CLANG_WARN_DEPRECATED_OBJC_IMPLEMENTATIONS = YES;
				CLANG_WARN_DIRECT_OBJC_ISA_USAGE = YES_ERROR;
				CLANG_WARN_DOCUMENTATION_COMMENTS = YES;
				CLANG_WARN_EMPTY_BODY = YES;
				CLANG_WARN_ENUM_CONVERSION = YES;
				CLANG_WARN_INFINITE_RECURSION = YES;
				CLANG_WARN_INT_CONVERSION = YES;
				CLANG_WARN_NON_LITERAL_NULL_CONVERSION = YES;
				CLANG_WARN_OBJC_IMPLICIT_RETAIN_SELF = YES;
				CLANG_WARN_OBJC_LITERAL_CONVERSION = YES;
				CLANG_WARN_OBJC_ROOT_CLASS = YES_ERROR;
				CLANG_WARN_QUOTED_INCLUDE_IN_FRAMEWORK_HEADER = YES;
				CLANG_WARN_RANGE_LOOP_ANALYSIS = YES;
				CLANG_WARN_STRICT_PROTOTYPES = YES;
				CLANG_WARN_SUSPICIOUS_MOVE = YES;
				CLANG_WARN_UNGUARDED_AVAILABILITY = YES_AGGRESSIVE;
				CLANG_WARN_UNREACHABLE_CODE = YES;
				CLANG_WARN__DUPLICATE_METHOD_MATCH = YES;
				COPY_PHASE_STRIP = NO;
				DEBUG_INFORMATION_FORMAT = "dwarf-with-dsym";
				ENABLE_NS_ASSERTIONS = NO;
				ENABLE_STRICT_OBJC_MSGSEND = YES;
				GCC_C_LANGUAGE_STANDARD = gnu11;
				GCC_NO_COMMON_BLOCKS = YES;
				GCC_WARN_64_TO_32_BIT_CONVERSION = YES;
				GCC_WARN_ABOUT_RETURN_TYPE = YES_ERROR;
				GCC_WARN_UNDECLARED_SELECTOR = YES;
				GCC_WARN_UNINITIALIZED_AUTOS = YES_AGGRESSIVE;
				GCC_WARN_UNUSED_FUNCTION = YES;
				GCC_WARN_UNUSED_VARIABLE = YES;
				IPHONEOS_DEPLOYMENT_TARGET = 14.4;
				MTL_ENABLE_DEBUG_INFO = NO;
				MTL_FAST_MATH = YES;
				SDKROOT = iphoneos;
				SWIFT_COMPILATION_MODE = wholemodule;
				SWIFT_OPTIMIZATION_LEVEL = "-O";
				VALIDATE_PRODUCT = YES;
			};
			name = Release;
		};
		553CEC0A2743BC6600B03FDE /* Debug */ = {
			isa = XCBuildConfiguration;
			buildSettings = {
				ASSETCATALOG_COMPILER_APPICON_NAME = AppIcon;
				ASSETCATALOG_COMPILER_GLOBAL_ACCENT_COLOR_NAME = AccentColor;
				CODE_SIGN_STYLE = Automatic;
				DEVELOPMENT_TEAM = 7MQF3GGWS3;
				INFOPLIST_FILE = test_MaximumEducation/Info.plist;
				LD_RUNPATH_SEARCH_PATHS = (
					"$(inherited)",
					"@executable_path/Frameworks",
				);
				PRODUCT_BUNDLE_IDENTIFIER = "Andrey.test-MaximumEducation";
				PRODUCT_NAME = "$(TARGET_NAME)";
				SWIFT_VERSION = 5.0;
				TARGETED_DEVICE_FAMILY = "1,2";
			};
			name = Debug;
		};
		553CEC0B2743BC6600B03FDE /* Release */ = {
			isa = XCBuildConfiguration;
			buildSettings = {
				ASSETCATALOG_COMPILER_APPICON_NAME = AppIcon;
				ASSETCATALOG_COMPILER_GLOBAL_ACCENT_COLOR_NAME = AccentColor;
				CODE_SIGN_STYLE = Automatic;
				DEVELOPMENT_TEAM = 7MQF3GGWS3;
				INFOPLIST_FILE = test_MaximumEducation/Info.plist;
				LD_RUNPATH_SEARCH_PATHS = (
					"$(inherited)",
					"@executable_path/Frameworks",
				);
				PRODUCT_BUNDLE_IDENTIFIER = "Andrey.test-MaximumEducation";
				PRODUCT_NAME = "$(TARGET_NAME)";
				SWIFT_VERSION = 5.0;
				TARGETED_DEVICE_FAMILY = "1,2";
			};
			name = Release;
		};
/* End XCBuildConfiguration section */

/* Begin XCConfigurationList section */
		553CEBF02743BC6400B03FDE /* Build configuration list for PBXProject "test_MaximumEducation" */ = {
			isa = XCConfigurationList;
			buildConfigurations = (
				553CEC072743BC6600B03FDE /* Debug */,
				553CEC082743BC6600B03FDE /* Release */,
			);
			defaultConfigurationIsVisible = 0;
			defaultConfigurationName = Release;
		};
		553CEC092743BC6600B03FDE /* Build configuration list for PBXNativeTarget "test_MaximumEducation" */ = {
			isa = XCConfigurationList;
			buildConfigurations = (
				553CEC0A2743BC6600B03FDE /* Debug */,
				553CEC0B2743BC6600B03FDE /* Release */,
			);
			defaultConfigurationIsVisible = 0;
			defaultConfigurationName = Release;
		};
/* End XCConfigurationList section */

/* Begin XCRemoteSwiftPackageReference section */
		553CEC372746CDA200B03FDE /* XCRemoteSwiftPackageReference "Kingfisher" */ = {
			isa = XCRemoteSwiftPackageReference;
			repositoryURL = "https://github.com/onevcat/Kingfisher";
			requirement = {
				kind = upToNextMajorVersion;
				minimumVersion = 7.1.1;
			};
		};
/* End XCRemoteSwiftPackageReference section */

/* Begin XCSwiftPackageProductDependency section */
		553CEC382746CDA200B03FDE /* Kingfisher */ = {
			isa = XCSwiftPackageProductDependency;
			package = 553CEC372746CDA200B03FDE /* XCRemoteSwiftPackageReference "Kingfisher" */;
			productName = Kingfisher;
		};
/* End XCSwiftPackageProductDependency section */
	};
	rootObject = 553CEBED2743BC6400B03FDE /* Project object */;
}
